
Microsoft Visual Studio Solution File, Format Version 12.00
# Visual Studio Version 16
VisualStudioVersion = 16.0.30204.135
MinimumVisualStudioVersion = 10.0.40219.1
Project("{FAE04EC0-301F-11D3-BF4B-00C04F79EFBC}") = "PlaceMyBet", "PlaceMyBet\PlaceMyBet.csproj", "{FEBC0B22-E084-454A-9B58-560C2807416F}"
EndProject
Global
	GlobalSection(SolutionConfigurationPlatforms) = preSolution
		Debug|Any CPU = Debug|Any CPU
		Release|Any CPU = Release|Any CPU
	EndGlobalSection
	GlobalSection(ProjectConfigurationPlatforms) = postSolution
		{FEBC0B22-E084-454A-9B58-560C2807416F}.Debug|Any CPU.ActiveCfg = Debug|Any CPU
		{FEBC0B22-E084-454A-9B58-560C2807416F}.Debug|Any CPU.Build.0 = Debug|Any CPU
		{FEBC0B22-E084-454A-9B58-560C2807416F}.Release|Any CPU.ActiveCfg = Release|Any CPU
		{FEBC0B22-E084-454A-9B58-560C2807416F}.Release|Any CPU.Build.0 = Release|Any CPU
	EndGlobalSection
	GlobalSection(SolutionProperties) = preSolution
		HideSolutionNode = FALSE
	EndGlobalSection
	GlobalSection(ExtensibilityGlobals) = postSolution
		SolutionGuid = {D343C9A1-2417-4318-9D75-721BA52F834B}
	EndGlobalSection
EndGlobal
